
Microsoft Visual Studio Solution File, Format Version 12.00
Project("{F2A71F9B-5D33-465A-A702-920D77279786}") = "Fleurning.Console", "Fleurning.Console\Fleurning.Console.fsproj", "{5B6BAF97-B018-44A1-9ACF-B95B36EC8E75}"
EndProject
Project("{F2A71F9B-5D33-465A-A702-920D77279786}") = "Fleurning.ConsoleTests", "Fleurning.ConsoleTests\Fleurning.ConsoleTests.fsproj", "{7FD340B3-49B9-4DCA-BFFC-E3F46E0EEB2C}"
EndProject
Project("{F2A71F9B-5D33-465A-A702-920D77279786}") = "Fleurning.Orders", "Fleurning.Orders\Fleurning.Orders.fsproj", "{D647BF5B-7E55-41C4-82A2-B46D53C3AC78}"
EndProject
Project("{F2A71F9B-5D33-465A-A702-920D77279786}") = "FileIO", "FileIO\FileIO.fsproj", "{37A06F41-B07B-408A-8ABA-662F26D46070}"
EndProject
Project("{F2A71F9B-5D33-465A-A702-920D77279786}") = "Fleurning.Validation", "Fleurning.Validation\Fleurning.Validation.fsproj", "{42BDC2A8-6566-46AE-AFAB-BE2EC5C233A7}"
EndProject
Global
	GlobalSection(SolutionConfigurationPlatforms) = preSolution
		Debug|Any CPU = Debug|Any CPU
		Release|Any CPU = Release|Any CPU
	EndGlobalSection
	GlobalSection(ProjectConfigurationPlatforms) = postSolution
		{5B6BAF97-B018-44A1-9ACF-B95B36EC8E75}.Debug|Any CPU.ActiveCfg = Debug|Any CPU
		{5B6BAF97-B018-44A1-9ACF-B95B36EC8E75}.Debug|Any CPU.Build.0 = Debug|Any CPU
		{5B6BAF97-B018-44A1-9ACF-B95B36EC8E75}.Release|Any CPU.ActiveCfg = Release|Any CPU
		{5B6BAF97-B018-44A1-9ACF-B95B36EC8E75}.Release|Any CPU.Build.0 = Release|Any CPU
		{7FD340B3-49B9-4DCA-BFFC-E3F46E0EEB2C}.Debug|Any CPU.ActiveCfg = Debug|Any CPU
		{7FD340B3-49B9-4DCA-BFFC-E3F46E0EEB2C}.Debug|Any CPU.Build.0 = Debug|Any CPU
		{7FD340B3-49B9-4DCA-BFFC-E3F46E0EEB2C}.Release|Any CPU.ActiveCfg = Release|Any CPU
		{7FD340B3-49B9-4DCA-BFFC-E3F46E0EEB2C}.Release|Any CPU.Build.0 = Release|Any CPU
		{D647BF5B-7E55-41C4-82A2-B46D53C3AC78}.Debug|Any CPU.ActiveCfg = Debug|Any CPU
		{D647BF5B-7E55-41C4-82A2-B46D53C3AC78}.Debug|Any CPU.Build.0 = Debug|Any CPU
		{D647BF5B-7E55-41C4-82A2-B46D53C3AC78}.Release|Any CPU.ActiveCfg = Release|Any CPU
		{D647BF5B-7E55-41C4-82A2-B46D53C3AC78}.Release|Any CPU.Build.0 = Release|Any CPU
		{37A06F41-B07B-408A-8ABA-662F26D46070}.Debug|Any CPU.ActiveCfg = Debug|Any CPU
		{37A06F41-B07B-408A-8ABA-662F26D46070}.Debug|Any CPU.Build.0 = Debug|Any CPU
		{37A06F41-B07B-408A-8ABA-662F26D46070}.Release|Any CPU.ActiveCfg = Release|Any CPU
		{37A06F41-B07B-408A-8ABA-662F26D46070}.Release|Any CPU.Build.0 = Release|Any CPU
		{42BDC2A8-6566-46AE-AFAB-BE2EC5C233A7}.Debug|Any CPU.ActiveCfg = Debug|Any CPU
		{42BDC2A8-6566-46AE-AFAB-BE2EC5C233A7}.Debug|Any CPU.Build.0 = Debug|Any CPU
		{42BDC2A8-6566-46AE-AFAB-BE2EC5C233A7}.Release|Any CPU.ActiveCfg = Release|Any CPU
		{42BDC2A8-6566-46AE-AFAB-BE2EC5C233A7}.Release|Any CPU.Build.0 = Release|Any CPU
	EndGlobalSection
EndGlobal
